{
  "name": "project.ru",
  "version": "1.0.0",
  "lockfileVersion": 1,
  "requires": true,
  "dependencies": {
    "@fancyapps/fancybox": {
      "version": "3.5.7",
      "resolved": "https://registry.npmjs.org/@fancyapps/fancybox/-/fancybox-3.5.7.tgz",
      "integrity": "sha512-rcEtu8t+WnmqIDV/Wfm1yvy/nDdwc7YV25j9HLxGC2/WOsUhk9rcWg2nB8g1BrjRt9zaoADdjHTU6ILYTJzBBg=="
    },
    "dom7": {
      "version": "4.0.0",
      "resolved": "https://registry.npmjs.org/dom7/-/dom7-4.0.0.tgz",
      "integrity": "sha512-xOJ0LAHFwktyj8Xljz4R2wzRI+Y9mR0plkMP0WlqtwqAkqn/vbdAyRifiW/w8mXe17LGktntcAwsQ5fKVDBNYg==",
      "requires": {
        "ssr-window": "^4.0.0"
      }
    },
    "inputmask": {
      "version": "5.0.7",
      "resolved": "https://registry.npmjs.org/inputmask/-/inputmask-5.0.7.tgz",
      "integrity": "sha512-rUxbRDS25KEib+c/Ow+K01oprU/+EK9t9SOPC8ov94/ftULGDqj1zOgRU/Hko6uzoKRMdwCfuhAafJ/Wk2wffQ=="
    },
    "jquery": {
      "version": "3.6.0",
      "resolved": "https://registry.npmjs.org/jquery/-/jquery-3.6.0.tgz",
      "integrity": "sha512-JVzAR/AjBvVt2BmYhxRCSYysDsPcssdmTFnzyLEts9qNwmjmu4JTAMYubEfwVOSwpQ1I1sKKFcxhZCI2buerfw=="
    },
    "jquery-form-styler": {
      "version": "2.0.2",
      "resolved": "https://registry.npmjs.org/jquery-form-styler/-/jquery-form-styler-2.0.2.tgz",
      "integrity": "sha1-C5qvyxgFJ//hcU/CXexJHDMQL+8=",
      "requires": {
        "jquery": "^1.7.0"
      },
      "dependencies": {
        "jquery": {
          "version": "1.12.4",
          "resolved": "https://registry.npmjs.org/jquery/-/jquery-1.12.4.tgz",
          "integrity": "sha1-AeHfuikP5z3rp3zurLD5ui/sngw="
        }
      }
    },
    "jquery-validation": {
      "version": "1.19.3",
      "resolved": "https://registry.npmjs.org/jquery-validation/-/jquery-validation-1.19.3.tgz",
      "integrity": "sha512-iXxCS5W7STthSTMFX/NDZfWHBLbJ1behVK3eAgHXAV8/0vRa9M4tiqHvJMr39VGWHMGdlkhrtrkBuaL2UlE8yw=="
    },
    "normalize.css": {
      "version": "8.0.1",
      "resolved": "https://registry.npmjs.org/normalize.css/-/normalize.css-8.0.1.tgz",
      "integrity": "sha512-qizSNPO93t1YUuUhP22btGOo3chcvDFqFaj2TRybP0DMxkHOCTYwp3n34fel4a31ORXy4m1Xq0Gyqpb5m33qIg=="
    },
    "ozimnad-accordion": {
      "version": "1.0.8",
      "resolved": "https://registry.npmjs.org/ozimnad-accordion/-/ozimnad-accordion-1.0.8.tgz",
      "integrity": "sha512-fb6qqz7zTnw9/jNj2+5baZc11ssahW53mTL9RQRqDVXQoT/9fW4NT5gJdUjtuptdQT5g0yh+zod8J2czRh5EUg=="
    },
    "ozimnad-tabs": {
      "version": "1.2.17",
      "resolved": "https://registry.npmjs.org/ozimnad-tabs/-/ozimnad-tabs-1.2.17.tgz",
      "integrity": "sha512-BUFtaXtTo8vShio1dwfF95ZFrGZ5XtxPMDjQ2AyeWSBtbW4SoJ/JO80DO82Q+9uTQodkhgrumxYvNIT6nlZ8zQ=="
    },
    "smart-grid": {
      "version": "2.1.2",
      "resolved": "https://registry.npmjs.org/smart-grid/-/smart-grid-2.1.2.tgz",
      "integrity": "sha512-O5BYpBH5zMVMt12xAdbbCdQKwXpLWI4bqLJpaXRcNXHs4IfAVJd2K9XOilplRA7byBKva5Ysg1EtckwwqnoYeg=="
    },
    "ssr-window": {
      "version": "4.0.0",
      "resolved": "https://registry.npmjs.org/ssr-window/-/ssr-window-4.0.0.tgz",
      "integrity": "sha512-qCg6wJNeGNTVcPK2KFNfwtHU1gA3UZDZdxogu+Ys5+Ue5PMOENxUb7sscpAWWo4mWOBkJRCwQ50IlyA7qZ0hxw=="
    },
    "swiper": {
      "version": "7.0.5",
      "resolved": "https://registry.npmjs.org/swiper/-/swiper-7.0.5.tgz",
      "integrity": "sha512-ERFXjBwUZ4ZDYjGbYjuMBfwy/s80zVCDkf229NG7ycptgJ4r5WgOh6WCILf/1iMwkV8afxYZW7QUru/b0bdD6g==",
      "requires": {
        "dom7": "^4.0.0",
        "ssr-window": "^4.0.0"
      }
    }
  }
}
